// !$*UTF8*$!
{
	archiveVersion = 1;
	classes = {
	};
	objectVersion = 50;
	objects = {

/* Begin PBXBuildFile section */
		342B2C7424E5DE6600DA032E /* Pacifico.ttf in Resources */ = {isa = PBXBuildFile; fileRef = 342B2C6E24E5DE6500DA032E /* Pacifico.ttf */; };
		342B2C7524E5DE6600DA032E /* SF-Pro-Rounded-Semibold.otf in Resources */ = {isa = PBXBuildFile; fileRef = 342B2C6F24E5DE6500DA032E /* SF-Pro-Rounded-Semibold.otf */; };
		342B2C7624E5DE6600DA032E /* BungeeShade-Regular.ttf in Resources */ = {isa = PBXBuildFile; fileRef = 342B2C7024E5DE6500DA032E /* BungeeShade-Regular.ttf */; };
		342B2C7724E5DE6600DA032E /* SF-Pro-Rounded-Medium.otf in Resources */ = {isa = PBXBuildFile; fileRef = 342B2C7124E5DE6500DA032E /* SF-Pro-Rounded-Medium.otf */; };
		342B2C7824E5DE6600DA032E /* SF-Pro-Rounded-Bold.otf in Resources */ = {isa = PBXBuildFile; fileRef = 342B2C7224E5DE6500DA032E /* SF-Pro-Rounded-Bold.otf */; };
		342B2C7924E5DE6600DA032E /* SF-Pro-Rounded-Regular.otf in Resources */ = {isa = PBXBuildFile; fileRef = 342B2C7324E5DE6600DA032E /* SF-Pro-Rounded-Regular.otf */; };
		342B2C7C24E5E08300DA032E /* UIFonts.swift in Sources */ = {isa = PBXBuildFile; fileRef = 342B2C7B24E5E08300DA032E /* UIFonts.swift */; };
		3602B67E24D74BBD003CFDF3 /* AddUIButton.swift in Sources */ = {isa = PBXBuildFile; fileRef = 3602B67D24D74BBD003CFDF3 /* AddUIButton.swift */; };
		36278F1424DDD3EE00687C56 /* Event.swift in Sources */ = {isa = PBXBuildFile; fileRef = 36278F1324DDD3EE00687C56 /* Event.swift */; };
		36278F1824DE0D0F00687C56 /* EventDetailViewController.swift in Sources */ = {isa = PBXBuildFile; fileRef = 36278F1724DE0D0F00687C56 /* EventDetailViewController.swift */; };
		36278F1A24DE11B900687C56 /* Extensions.swift in Sources */ = {isa = PBXBuildFile; fileRef = 36278F1924DE11B900687C56 /* Extensions.swift */; };
		36278F1C24DE1D2500687C56 /* NewEventViewController.swift in Sources */ = {isa = PBXBuildFile; fileRef = 36278F1B24DE1D2500687C56 /* NewEventViewController.swift */; };
		36281B5224E3C3B100F5A364 /* EventPageViewController.swift in Sources */ = {isa = PBXBuildFile; fileRef = 36281B5124E3C3B100F5A364 /* EventPageViewController.swift */; };
		367A504824DE56F3006CC6E1 /* ButtonBorder.swift in Sources */ = {isa = PBXBuildFile; fileRef = 367A504724DE56F3006CC6E1 /* ButtonBorder.swift */; };
		3681D55D24E3A3A300172D21 /* LeftAlignedCollectionViewFlowLayout.swift in Sources */ = {isa = PBXBuildFile; fileRef = 3681D55C24E3A3A300172D21 /* LeftAlignedCollectionViewFlowLayout.swift */; };
		36A1090C24D6349600DB49D6 /* AppDelegate.swift in Sources */ = {isa = PBXBuildFile; fileRef = 36A1090B24D6349600DB49D6 /* AppDelegate.swift */; };
		36A1091324D6349600DB49D6 /* Main.storyboard in Resources */ = {isa = PBXBuildFile; fileRef = 36A1091124D6349600DB49D6 /* Main.storyboard */; };
		36A1091824D6349700DB49D6 /* Assets.xcassets in Resources */ = {isa = PBXBuildFile; fileRef = 36A1091724D6349700DB49D6 /* Assets.xcassets */; };
		36A1091B24D6349700DB49D6 /* LaunchScreen.storyboard in Resources */ = {isa = PBXBuildFile; fileRef = 36A1091924D6349700DB49D6 /* LaunchScreen.storyboard */; };
		36DA7A1E24E729CE00DD1776 /* Functions.swift in Sources */ = {isa = PBXBuildFile; fileRef = 36DA7A1D24E729CE00DD1776 /* Functions.swift */; };
		36EB958824E39352005829A1 /* HomeViewController.swift in Sources */ = {isa = PBXBuildFile; fileRef = 36EB958724E39352005829A1 /* HomeViewController.swift */; };
		36EB958A24E394FB005829A1 /* CustomCollectionViewCell.swift in Sources */ = {isa = PBXBuildFile; fileRef = 36EB958924E394FB005829A1 /* CustomCollectionViewCell.swift */; };
/* End PBXBuildFile section */

/* Begin PBXFileReference section */
		342B2C6E24E5DE6500DA032E /* Pacifico.ttf */ = {isa = PBXFileReference; lastKnownFileType = file; path = Pacifico.ttf; sourceTree = "<group>"; };
		342B2C6F24E5DE6500DA032E /* SF-Pro-Rounded-Semibold.otf */ = {isa = PBXFileReference; lastKnownFileType = file; path = "SF-Pro-Rounded-Semibold.otf"; sourceTree = "<group>"; };
		342B2C7024E5DE6500DA032E /* BungeeShade-Regular.ttf */ = {isa = PBXFileReference; lastKnownFileType = file; path = "BungeeShade-Regular.ttf"; sourceTree = "<group>"; };
		342B2C7124E5DE6500DA032E /* SF-Pro-Rounded-Medium.otf */ = {isa = PBXFileReference; lastKnownFileType = file; path = "SF-Pro-Rounded-Medium.otf"; sourceTree = "<group>"; };
		342B2C7224E5DE6500DA032E /* SF-Pro-Rounded-Bold.otf */ = {isa = PBXFileReference; lastKnownFileType = file; path = "SF-Pro-Rounded-Bold.otf"; sourceTree = "<group>"; };
		342B2C7324E5DE6600DA032E /* SF-Pro-Rounded-Regular.otf */ = {isa = PBXFileReference; lastKnownFileType = file; path = "SF-Pro-Rounded-Regular.otf"; sourceTree = "<group>"; };
		342B2C7B24E5E08300DA032E /* UIFonts.swift */ = {isa = PBXFileReference; lastKnownFileType = sourcecode.swift; path = UIFonts.swift; sourceTree = "<group>"; };
		3602B67D24D74BBD003CFDF3 /* AddUIButton.swift */ = {isa = PBXFileReference; lastKnownFileType = sourcecode.swift; path = AddUIButton.swift; sourceTree = "<group>"; };
		36278F1324DDD3EE00687C56 /* Event.swift */ = {isa = PBXFileReference; lastKnownFileType = sourcecode.swift; path = Event.swift; sourceTree = "<group>"; };
		36278F1724DE0D0F00687C56 /* EventDetailViewController.swift */ = {isa = PBXFileReference; lastKnownFileType = sourcecode.swift; path = EventDetailViewController.swift; sourceTree = "<group>"; };
		36278F1924DE11B900687C56 /* Extensions.swift */ = {isa = PBXFileReference; lastKnownFileType = sourcecode.swift; path = Extensions.swift; sourceTree = "<group>"; };
		36278F1B24DE1D2500687C56 /* NewEventViewController.swift */ = {isa = PBXFileReference; lastKnownFileType = sourcecode.swift; path = NewEventViewController.swift; sourceTree = "<group>"; };
		36281B5124E3C3B100F5A364 /* EventPageViewController.swift */ = {isa = PBXFileReference; lastKnownFileType = sourcecode.swift; path = EventPageViewController.swift; sourceTree = "<group>"; };
		367A504724DE56F3006CC6E1 /* ButtonBorder.swift */ = {isa = PBXFileReference; lastKnownFileType = sourcecode.swift; path = ButtonBorder.swift; sourceTree = "<group>"; };
		3681D55C24E3A3A300172D21 /* LeftAlignedCollectionViewFlowLayout.swift */ = {isa = PBXFileReference; lastKnownFileType = sourcecode.swift; path = LeftAlignedCollectionViewFlowLayout.swift; sourceTree = "<group>"; };
		36A1090824D6349600DB49D6 /* UntilApp.app */ = {isa = PBXFileReference; explicitFileType = wrapper.application; includeInIndex = 0; path = UntilApp.app; sourceTree = BUILT_PRODUCTS_DIR; };
		36A1090B24D6349600DB49D6 /* AppDelegate.swift */ = {isa = PBXFileReference; lastKnownFileType = sourcecode.swift; path = AppDelegate.swift; sourceTree = "<group>"; };
		36A1091224D6349600DB49D6 /* Base */ = {isa = PBXFileReference; lastKnownFileType = file.storyboard; name = Base; path = Base.lproj/Main.storyboard; sourceTree = "<group>"; };
		36A1091724D6349700DB49D6 /* Assets.xcassets */ = {isa = PBXFileReference; lastKnownFileType = folder.assetcatalog; path = Assets.xcassets; sourceTree = "<group>"; };
		36A1091A24D6349700DB49D6 /* Base */ = {isa = PBXFileReference; lastKnownFileType = file.storyboard; name = Base; path = Base.lproj/LaunchScreen.storyboard; sourceTree = "<group>"; };
		36A1091C24D6349700DB49D6 /* Info.plist */ = {isa = PBXFileReference; lastKnownFileType = text.plist.xml; path = Info.plist; sourceTree = "<group>"; };
		36ABD8FC24E386480093A302 /* Until.entitlements */ = {isa = PBXFileReference; fileEncoding = 4; lastKnownFileType = text.plist.entitlements; path = Until.entitlements; sourceTree = "<group>"; };
		36DA7A1D24E729CE00DD1776 /* Functions.swift */ = {isa = PBXFileReference; lastKnownFileType = sourcecode.swift; path = Functions.swift; sourceTree = "<group>"; };
		36EB958724E39352005829A1 /* HomeViewController.swift */ = {isa = PBXFileReference; lastKnownFileType = sourcecode.swift; path = HomeViewController.swift; sourceTree = "<group>"; };
		36EB958924E394FB005829A1 /* CustomCollectionViewCell.swift */ = {isa = PBXFileReference; lastKnownFileType = sourcecode.swift; path = CustomCollectionViewCell.swift; sourceTree = "<group>"; };
/* End PBXFileReference section */

/* Begin PBXFrameworksBuildPhase section */
		36A1090524D6349600DB49D6 /* Frameworks */ = {
			isa = PBXFrameworksBuildPhase;
			buildActionMask = 2147483647;
			files = (
			);
			runOnlyForDeploymentPostprocessing = 0;
		};
/* End PBXFrameworksBuildPhase section */

/* Begin PBXGroup section */
		342B2C6D24E5DD1900DA032E /* Fonts */ = {
			isa = PBXGroup;
			children = (
				342B2C7024E5DE6500DA032E /* BungeeShade-Regular.ttf */,
				342B2C6E24E5DE6500DA032E /* Pacifico.ttf */,
				342B2C7224E5DE6500DA032E /* SF-Pro-Rounded-Bold.otf */,
				342B2C7124E5DE6500DA032E /* SF-Pro-Rounded-Medium.otf */,
				342B2C7324E5DE6600DA032E /* SF-Pro-Rounded-Regular.otf */,
				342B2C6F24E5DE6500DA032E /* SF-Pro-Rounded-Semibold.otf */,
				342B2C7B24E5E08300DA032E /* UIFonts.swift */,
			);
			path = Fonts;
			sourceTree = "<group>";
		};
		342B2C7A24E5DE9100DA032E /* Utilities */ = {
			isa = PBXGroup;
			children = (
				36281B5024E3C39200F5A364 /* PageViewControllerFormat */,
				3602B67C24D74B9F003CFDF3 /* Buttons */,
				36278F1224DDD3E300687C56 /* Data and Helpers */,
				342B2C6D24E5DD1900DA032E /* Fonts */,
			);
			path = Utilities;
			sourceTree = "<group>";
		};
		3602B67224D64EBF003CFDF3 /* Home */ = {
			isa = PBXGroup;
			children = (
				36EB958724E39352005829A1 /* HomeViewController.swift */,
				36EB958924E394FB005829A1 /* CustomCollectionViewCell.swift */,
				3681D55C24E3A3A300172D21 /* LeftAlignedCollectionViewFlowLayout.swift */,
			);
			path = Home;
			sourceTree = "<group>";
		};
		3602B67524D7420B003CFDF3 /* Event */ = {
			isa = PBXGroup;
			children = (
				36278F1724DE0D0F00687C56 /* EventDetailViewController.swift */,
				36278F1B24DE1D2500687C56 /* NewEventViewController.swift */,
			);
			path = Event;
			sourceTree = "<group>";
		};
		3602B67C24D74B9F003CFDF3 /* Buttons */ = {
			isa = PBXGroup;
			children = (
				3602B67D24D74BBD003CFDF3 /* AddUIButton.swift */,
				367A504724DE56F3006CC6E1 /* ButtonBorder.swift */,
			);
			path = Buttons;
			sourceTree = "<group>";
		};
		36278F1224DDD3E300687C56 /* Data and Helpers */ = {
			isa = PBXGroup;
			children = (
				36278F1324DDD3EE00687C56 /* Event.swift */,
				36278F1924DE11B900687C56 /* Extensions.swift */,
				36DA7A1D24E729CE00DD1776 /* Functions.swift */,
			);
			path = "Data and Helpers";
			sourceTree = "<group>";
		};
		36281B5024E3C39200F5A364 /* PageViewControllerFormat */ = {
			isa = PBXGroup;
			children = (
				36281B5124E3C3B100F5A364 /* EventPageViewController.swift */,
			);
			path = PageViewControllerFormat;
			sourceTree = "<group>";
		};
		36A108FF24D6349600DB49D6 = {
			isa = PBXGroup;
			children = (
				36A1090A24D6349600DB49D6 /* UntilApp */,
				36A1090924D6349600DB49D6 /* Products */,
			);
			sourceTree = "<group>";
		};
		36A1090924D6349600DB49D6 /* Products */ = {
			isa = PBXGroup;
			children = (
				36A1090824D6349600DB49D6 /* UntilApp.app */,
			);
			name = Products;
			sourceTree = "<group>";
		};
		36A1090A24D6349600DB49D6 /* UntilApp */ = {
			isa = PBXGroup;
			children = (
				36ABD8FC24E386480093A302 /* Until.entitlements */,
				36A1091C24D6349700DB49D6 /* Info.plist */,
				36A1091724D6349700DB49D6 /* Assets.xcassets */,
				36A1091924D6349700DB49D6 /* LaunchScreen.storyboard */,
				36A1091124D6349600DB49D6 /* Main.storyboard */,
				36A1090B24D6349600DB49D6 /* AppDelegate.swift */,
				3602B67224D64EBF003CFDF3 /* Home */,
				3602B67524D7420B003CFDF3 /* Event */,
				342B2C7A24E5DE9100DA032E /* Utilities */,
			);
			path = UntilApp;
			sourceTree = "<group>";
		};
/* End PBXGroup section */

/* Begin PBXNativeTarget section */
		36A1090724D6349600DB49D6 /* UntilApp */ = {
			isa = PBXNativeTarget;
			buildConfigurationList = 36A1093524D6349700DB49D6 /* Build configuration list for PBXNativeTarget "UntilApp" */;
			buildPhases = (
				36A1090424D6349600DB49D6 /* Sources */,
				36A1090524D6349600DB49D6 /* Frameworks */,
				36A1090624D6349600DB49D6 /* Resources */,
			);
			buildRules = (
			);
			dependencies = (
			);
			name = UntilApp;
			productName = CountdownAppVersionOne;
			productReference = 36A1090824D6349600DB49D6 /* UntilApp.app */;
			productType = "com.apple.product-type.application";
		};
/* End PBXNativeTarget section */

/* Begin PBXProject section */
		36A1090024D6349600DB49D6 /* Project object */ = {
			isa = PBXProject;
			attributes = {
				LastSwiftUpdateCheck = 1200;
				LastUpgradeCheck = 1200;
				TargetAttributes = {
					36A1090724D6349600DB49D6 = {
						CreatedOnToolsVersion = 12.0;
					};
				};
			};
			buildConfigurationList = 36A1090324D6349600DB49D6 /* Build configuration list for PBXProject "UntilApp" */;
			compatibilityVersion = "Xcode 9.3";
			developmentRegion = en;
			hasScannedForEncodings = 0;
			knownRegions = (
				en,
				Base,
			);
			mainGroup = 36A108FF24D6349600DB49D6;
			productRefGroup = 36A1090924D6349600DB49D6 /* Products */;
			projectDirPath = "";
			projectRoot = "";
			targets = (
				36A1090724D6349600DB49D6 /* UntilApp */,
			);
		};
/* End PBXProject section */

/* Begin PBXResourcesBuildPhase section */
		36A1090624D6349600DB49D6 /* Resources */ = {
			isa = PBXResourcesBuildPhase;
			buildActionMask = 2147483647;
			files = (
				36A1091B24D6349700DB49D6 /* LaunchScreen.storyboard in Resources */,
				342B2C7824E5DE6600DA032E /* SF-Pro-Rounded-Bold.otf in Resources */,
				342B2C7724E5DE6600DA032E /* SF-Pro-Rounded-Medium.otf in Resources */,
				36A1091824D6349700DB49D6 /* Assets.xcassets in Resources */,
				342B2C7424E5DE6600DA032E /* Pacifico.ttf in Resources */,
				342B2C7924E5DE6600DA032E /* SF-Pro-Rounded-Regular.otf in Resources */,
				342B2C7624E5DE6600DA032E /* BungeeShade-Regular.ttf in Resources */,
				36A1091324D6349600DB49D6 /* Main.storyboard in Resources */,
				342B2C7524E5DE6600DA032E /* SF-Pro-Rounded-Semibold.otf in Resources */,
			);
			runOnlyForDeploymentPostprocessing = 0;
		};
/* End PBXResourcesBuildPhase section */

/* Begin PBXSourcesBuildPhase section */
		36A1090424D6349600DB49D6 /* Sources */ = {
			isa = PBXSourcesBuildPhase;
			buildActionMask = 2147483647;
			files = (
				342B2C7C24E5E08300DA032E /* UIFonts.swift in Sources */,
				36278F1A24DE11B900687C56 /* Extensions.swift in Sources */,
				36278F1C24DE1D2500687C56 /* NewEventViewController.swift in Sources */,
				36EB958A24E394FB005829A1 /* CustomCollectionViewCell.swift in Sources */,
				36278F1424DDD3EE00687C56 /* Event.swift in Sources */,
				36DA7A1E24E729CE00DD1776 /* Functions.swift in Sources */,
				36278F1824DE0D0F00687C56 /* EventDetailViewController.swift in Sources */,
				367A504824DE56F3006CC6E1 /* ButtonBorder.swift in Sources */,
				3681D55D24E3A3A300172D21 /* LeftAlignedCollectionViewFlowLayout.swift in Sources */,
				36EB958824E39352005829A1 /* HomeViewController.swift in Sources */,
				36A1090C24D6349600DB49D6 /* AppDelegate.swift in Sources */,
				36281B5224E3C3B100F5A364 /* EventPageViewController.swift in Sources */,
				3602B67E24D74BBD003CFDF3 /* AddUIButton.swift in Sources */,
			);
			runOnlyForDeploymentPostprocessing = 0;
		};
/* End PBXSourcesBuildPhase section */

/* Begin PBXVariantGroup section */
		36A1091124D6349600DB49D6 /* Main.storyboard */ = {
			isa = PBXVariantGroup;
			children = (
				36A1091224D6349600DB49D6 /* Base */,
			);
			name = Main.storyboard;
			sourceTree = "<group>";
		};
		36A1091924D6349700DB49D6 /* LaunchScreen.storyboard */ = {
			isa = PBXVariantGroup;
			children = (
				36A1091A24D6349700DB49D6 /* Base */,
			);
			name = LaunchScreen.storyboard;
			sourceTree = "<group>";
		};
/* End PBXVariantGroup section */

/* Begin XCBuildConfiguration section */
		36A1093324D6349700DB49D6 /* Debug */ = {
			isa = XCBuildConfiguration;
			buildSettings = {
				ALWAYS_SEARCH_USER_PATHS = NO;
				CLANG_ANALYZER_NONNULL = YES;
				CLANG_ANALYZER_NUMBER_OBJECT_CONVERSION = YES_AGGRESSIVE;
				CLANG_CXX_LANGUAGE_STANDARD = "gnu++14";
				CLANG_CXX_LIBRARY = "libc++";
				CLANG_ENABLE_MODULES = YES;
				CLANG_ENABLE_OBJC_ARC = YES;
				CLANG_ENABLE_OBJC_WEAK = YES;
				CLANG_WARN_BLOCK_CAPTURE_AUTORELEASING = YES;
				CLANG_WARN_BOOL_CONVERSION = YES;
				CLANG_WARN_COMMA = YES;
				CLANG_WARN_CONSTANT_CONVERSION = YES;
				CLANG_WARN_DEPRECATED_OBJC_IMPLEMENTATIONS = YES;
				CLANG_WARN_DIRECT_OBJC_ISA_USAGE = YES_ERROR;
				CLANG_WARN_DOCUMENTATION_COMMENTS = YES;
				CLANG_WARN_EMPTY_BODY = YES;
				CLANG_WARN_ENUM_CONVERSION = YES;
				CLANG_WARN_INFINITE_RECURSION = YES;
				CLANG_WARN_INT_CONVERSION = YES;
				CLANG_WARN_NON_LITERAL_NULL_CONVERSION = YES;
				CLANG_WARN_OBJC_IMPLICIT_RETAIN_SELF = YES;
				CLANG_WARN_OBJC_LITERAL_CONVERSION = YES;
				CLANG_WARN_OBJC_ROOT_CLASS = YES_ERROR;
				CLANG_WARN_QUOTED_INCLUDE_IN_FRAMEWORK_HEADER = YES;
				CLANG_WARN_RANGE_LOOP_ANALYSIS = YES;
				CLANG_WARN_STRICT_PROTOTYPES = YES;
				CLANG_WARN_SUSPICIOUS_MOVE = YES;
				CLANG_WARN_UNGUARDED_AVAILABILITY = YES_AGGRESSIVE;
				CLANG_WARN_UNREACHABLE_CODE = YES;
				CLANG_WARN__DUPLICATE_METHOD_MATCH = YES;
				COPY_PHASE_STRIP = NO;
				DEBUG_INFORMATION_FORMAT = dwarf;
				ENABLE_STRICT_OBJC_MSGSEND = YES;
				ENABLE_TESTABILITY = YES;
				GCC_C_LANGUAGE_STANDARD = gnu11;
				GCC_DYNAMIC_NO_PIC = NO;
				GCC_NO_COMMON_BLOCKS = YES;
				GCC_OPTIMIZATION_LEVEL = 0;
				GCC_PREPROCESSOR_DEFINITIONS = (
					"DEBUG=1",
					"$(inherited)",
				);
				GCC_WARN_64_TO_32_BIT_CONVERSION = YES;
				GCC_WARN_ABOUT_RETURN_TYPE = YES_ERROR;
				GCC_WARN_UNDECLARED_SELECTOR = YES;
				GCC_WARN_UNINITIALIZED_AUTOS = YES_AGGRESSIVE;
				GCC_WARN_UNUSED_FUNCTION = YES;
				GCC_WARN_UNUSED_VARIABLE = YES;
				IPHONEOS_DEPLOYMENT_TARGET = 14.0;
				MTL_ENABLE_DEBUG_INFO = INCLUDE_SOURCE;
				MTL_FAST_MATH = YES;
				ONLY_ACTIVE_ARCH = YES;
				SDKROOT = iphoneos;
				SWIFT_ACTIVE_COMPILATION_CONDITIONS = DEBUG;
				SWIFT_OPTIMIZATION_LEVEL = "-Onone";
			};
			name = Debug;
		};
		36A1093424D6349700DB49D6 /* Release */ = {
			isa = XCBuildConfiguration;
			buildSettings = {
				ALWAYS_SEARCH_USER_PATHS = NO;
				CLANG_ANALYZER_NONNULL = YES;
				CLANG_ANALYZER_NUMBER_OBJECT_CONVERSION = YES_AGGRESSIVE;
				CLANG_CXX_LANGUAGE_STANDARD = "gnu++14";
				CLANG_CXX_LIBRARY = "libc++";
				CLANG_ENABLE_MODULES = YES;
				CLANG_ENABLE_OBJC_ARC = YES;
				CLANG_ENABLE_OBJC_WEAK = YES;
				CLANG_WARN_BLOCK_CAPTURE_AUTORELEASING = YES;
				CLANG_WARN_BOOL_CONVERSION = YES;
				CLANG_WARN_COMMA = YES;
				CLANG_WARN_CONSTANT_CONVERSION = YES;
				CLANG_WARN_DEPRECATED_OBJC_IMPLEMENTATIONS = YES;
				CLANG_WARN_DIRECT_OBJC_ISA_USAGE = YES_ERROR;
				CLANG_WARN_DOCUMENTATION_COMMENTS = YES;
				CLANG_WARN_EMPTY_BODY = YES;
				CLANG_WARN_ENUM_CONVERSION = YES;
				CLANG_WARN_INFINITE_RECURSION = YES;
				CLANG_WARN_INT_CONVERSION = YES;
				CLANG_WARN_NON_LITERAL_NULL_CONVERSION = YES;
				CLANG_WARN_OBJC_IMPLICIT_RETAIN_SELF = YES;
				CLANG_WARN_OBJC_LITERAL_CONVERSION = YES;
				CLANG_WARN_OBJC_ROOT_CLASS = YES_ERROR;
				CLANG_WARN_QUOTED_INCLUDE_IN_FRAMEWORK_HEADER = YES;
				CLANG_WARN_RANGE_LOOP_ANALYSIS = YES;
				CLANG_WARN_STRICT_PROTOTYPES = YES;
				CLANG_WARN_SUSPICIOUS_MOVE = YES;
				CLANG_WARN_UNGUARDED_AVAILABILITY = YES_AGGRESSIVE;
				CLANG_WARN_UNREACHABLE_CODE = YES;
				CLANG_WARN__DUPLICATE_METHOD_MATCH = YES;
				COPY_PHASE_STRIP = NO;
				DEBUG_INFORMATION_FORMAT = "dwarf-with-dsym";
				ENABLE_NS_ASSERTIONS = NO;
				ENABLE_STRICT_OBJC_MSGSEND = YES;
				GCC_C_LANGUAGE_STANDARD = gnu11;
				GCC_NO_COMMON_BLOCKS = YES;
				GCC_WARN_64_TO_32_BIT_CONVERSION = YES;
				GCC_WARN_ABOUT_RETURN_TYPE = YES_ERROR;
				GCC_WARN_UNDECLARED_SELECTOR = YES;
				GCC_WARN_UNINITIALIZED_AUTOS = YES_AGGRESSIVE;
				GCC_WARN_UNUSED_FUNCTION = YES;
				GCC_WARN_UNUSED_VARIABLE = YES;
				IPHONEOS_DEPLOYMENT_TARGET = 14.0;
				MTL_ENABLE_DEBUG_INFO = NO;
				MTL_FAST_MATH = YES;
				SDKROOT = iphoneos;
				SWIFT_COMPILATION_MODE = wholemodule;
				SWIFT_OPTIMIZATION_LEVEL = "-O";
				VALIDATE_PRODUCT = YES;
			};
			name = Release;
		};
		36A1093624D6349700DB49D6 /* Debug */ = {
			isa = XCBuildConfiguration;
			buildSettings = {
				ASSETCATALOG_COMPILER_APPICON_NAME = AppIcon;
				ASSETCATALOG_COMPILER_GLOBAL_ACCENT_COLOR_NAME = AccentColor;
				CODE_SIGN_ENTITLEMENTS = UntilApp/Until.entitlements;
				CODE_SIGN_IDENTITY = "Apple Development";
				"CODE_SIGN_IDENTITY[sdk=macosx*]" = "Apple Development";
				CODE_SIGN_STYLE = Automatic;
				DEVELOPMENT_TEAM = H3FHWWLMLJ;
				INFOPLIST_FILE = UntilApp/Info.plist;
				IPHONEOS_DEPLOYMENT_TARGET = 13.0;
				LD_RUNPATH_SEARCH_PATHS = (
					"$(inherited)",
					"@executable_path/Frameworks",
				);
				PRODUCT_BUNDLE_IDENTIFIER = com.modernistic.until;
				PRODUCT_NAME = "$(TARGET_NAME)";
				PROVISIONING_PROFILE_SPECIFIER = "";
				"PROVISIONING_PROFILE_SPECIFIER[sdk=macosx*]" = "";
				SUPPORTS_MACCATALYST = YES;
				SWIFT_VERSION = 5.0;
				TARGETED_DEVICE_FAMILY = "1,2";
			};
			name = Debug;
		};
		36A1093724D6349700DB49D6 /* Release */ = {
			isa = XCBuildConfiguration;
			buildSettings = {
				ASSETCATALOG_COMPILER_APPICON_NAME = AppIcon;
				ASSETCATALOG_COMPILER_GLOBAL_ACCENT_COLOR_NAME = AccentColor;
				CODE_SIGN_ENTITLEMENTS = UntilApp/Until.entitlements;
				CODE_SIGN_IDENTITY = "Apple Development";
				"CODE_SIGN_IDENTITY[sdk=macosx*]" = "Apple Development";
				CODE_SIGN_STYLE = Automatic;
				DEVELOPMENT_TEAM = H3FHWWLMLJ;
				INFOPLIST_FILE = UntilApp/Info.plist;
				IPHONEOS_DEPLOYMENT_TARGET = 13.0;
				LD_RUNPATH_SEARCH_PATHS = (
					"$(inherited)",
					"@executable_path/Frameworks",
				);
				PRODUCT_BUNDLE_IDENTIFIER = com.modernistic.until;
				PRODUCT_NAME = "$(TARGET_NAME)";
				PROVISIONING_PROFILE_SPECIFIER = "";
				"PROVISIONING_PROFILE_SPECIFIER[sdk=macosx*]" = "";
				SUPPORTS_MACCATALYST = YES;
				SWIFT_VERSION = 5.0;
				TARGETED_DEVICE_FAMILY = "1,2";
			};
			name = Release;
		};
/* End XCBuildConfiguration section */

/* Begin XCConfigurationList section */
		36A1090324D6349600DB49D6 /* Build configuration list for PBXProject "UntilApp" */ = {
			isa = XCConfigurationList;
			buildConfigurations = (
				36A1093324D6349700DB49D6 /* Debug */,
				36A1093424D6349700DB49D6 /* Release */,
			);
			defaultConfigurationIsVisible = 0;
			defaultConfigurationName = Release;
		};
		36A1093524D6349700DB49D6 /* Build configuration list for PBXNativeTarget "UntilApp" */ = {
			isa = XCConfigurationList;
			buildConfigurations = (
				36A1093624D6349700DB49D6 /* Debug */,
				36A1093724D6349700DB49D6 /* Release */,
			);
			defaultConfigurationIsVisible = 0;
			defaultConfigurationName = Release;
		};
/* End XCConfigurationList section */
	};
	rootObject = 36A1090024D6349600DB49D6 /* Project object */;
}
